# THIS IS AN AUTOGENERATED FILE. DO NOT EDIT THIS FILE DIRECTLY.
# yarn lockfile v1


"@sendgrid/client@^7.4.0":
  version "7.4.0"
  resolved "https://registry.yarnpkg.com/@sendgrid/client/-/client-7.4.0.tgz#07c26936f88ade43fb845ce00b37d882999c0a04"
  integrity sha512-KAZlEb1P8sATgBN+7hXgzaRF94nF9KQgDxQ6zUT1BV0kEsNtJQ2cs35sCtWt6AKKJrL0xPI/MsfcAJqom4YQBg==
  dependencies:
    "@sendgrid/helpers" "^7.4.0"
    axios "^0.19.2"

"@sendgrid/helpers@^7.4.0":
  version "7.4.0"
  resolved "https://registry.yarnpkg.com/@sendgrid/helpers/-/helpers-7.4.0.tgz#be98730c89c190c8873e2f25d868a13d26b75b25"
  integrity sha512-IQI2vemiJB0+X6bEp4HRG+0/wrzR2RDGnB5rwfq1CsPDrUFdJfxbE2zbGx//1GnlNwAtbHyc93ejU1m0KZr86w==
  dependencies:
    deepmerge "^4.2.2"

"@sendgrid/mail@^7.0.0":
  version "7.4.0"
  resolved "https://registry.yarnpkg.com/@sendgrid/mail/-/mail-7.4.0.tgz#126de0f0fc7c62d5d609140261fd598b6291fee3"
  integrity sha512-SAARsfbl50OEJ99LYGKfgrYiV5O6+23aeGJuEBTHHSwRZ6KhD3n1BjPeIejbqgbqYLZJfNLxyU3o5xRdJPp3zg==
  dependencies:
    "@sendgrid/client" "^7.4.0"
    "@sendgrid/helpers" "^7.4.0"

"@types/node@>=8.1.0":
  version "14.14.10"
  resolved "https://registry.yarnpkg.com/@types/node/-/node-14.14.10.tgz#5958a82e41863cfc71f2307b3748e3491ba03785"
  integrity sha512-J32dgx2hw8vXrSbu4ZlVhn1Nm3GbeCFNw2FWL8S5QKucHGY0cyNwjdQdO+KMBZ4wpmC7KhLCiNsdk1RFRIYUQQ==

axios@^0.19.2:
  version "0.19.2"
  resolved "https://registry.yarnpkg.com/axios/-/axios-0.19.2.tgz#3ea36c5d8818d0d5f8a8a97a6d36b86cdc00cb27"
  integrity sha512-fjgm5MvRHLhx+osE2xoekY70AhARk3a6hkN+3Io1jc00jtquGvxYlKlsFUhmUET0V5te6CcZI7lcv2Ym61mjHA==
  dependencies:
    follow-redirects "1.5.10"

debug@=3.1.0:
  version "3.1.0"
  resolved "https://registry.yarnpkg.com/debug/-/debug-3.1.0.tgz#5bb5a0672628b64149566ba16819e61518c67261"
  integrity sha512-OX8XqP7/1a9cqkxYw2yXss15f26NKWBpDXQd0/uK/KPqdQhxbPa994hnzjcE2VqQpDslf55723cKPUOGSmMY3g==
  dependencies:
    ms "2.0.0"

deepmerge@^4.2.2:
  version "4.2.2"
  resolved "https://registry.yarnpkg.com/deepmerge/-/deepmerge-4.2.2.tgz#44d2ea3679b8f4d4ffba33f03d865fc1e7bf4955"
  integrity sha512-FJ3UgI4gIl+PHZm53knsuSFpE+nESMr7M4v9QcgB7S63Kj/6WqMiFQJpBBYz1Pt+66bZpP3Q7Lye0Oo9MPKEdg==

follow-redirects@1.5.10:
  version "1.5.10"
  resolved "https://registry.yarnpkg.com/follow-redirects/-/follow-redirects-1.5.10.tgz#7b7a9f9aea2fdff36786a94ff643ed07f4ff5e2a"
  integrity sha512-0V5l4Cizzvqt5D44aTXbFZz+FtyXV1vrDN6qrelxtfYQKW0KO0W2T/hkE8xvGa/540LkZlkaUjO4ailYTFtHVQ==
  dependencies:
    debug "=3.1.0"

ms@2.0.0:
  version "2.0.0"
  resolved "https://registry.yarnpkg.com/ms/-/ms-2.0.0.tgz#5608aeadfc00be6c2901df5f9861788de0d597c8"
  integrity sha1-VgiurfwAvmwpAd9fmGF4jeDVl8g=

qs@^6.6.0:
  version "6.9.4"
  resolved "https://registry.yarnpkg.com/qs/-/qs-6.9.4.tgz#9090b290d1f91728d3c22e54843ca44aea5ab687"
  integrity sha512-A1kFqHekCTM7cz0udomYUoYNWjBebHm/5wzU/XqrBRBNWectVH0QIiN+NEcZ0Dte5hvzHwbr8+XQmguPhJ6WdQ==

stripe@^8.39.0:
  version "8.126.0"
  resolved "https://registry.yarnpkg.com/stripe/-/stripe-8.126.0.tgz#d5eb9f9ad2393843fb48d4e2939e71cdffd7e9f2"
  integrity sha512-AQai9rEi6JYE3BY/favh5mkxedmpsYp+M7y90Fj6CGKYGkTKmtOkgNqs0MQTMGgrJlzMlpJjOYkQxpxb4t84KQ==
  dependencies:
    "@types/node" ">=8.1.0"
    qs "^6.6.0"
